Microsoft Visual Studio Solution File, Format Version 12.00
# Visual Studio Version 17
VisualStudioVersion = 17.5.2.0
MinimumVisualStudioVersion = 10.0.40219.1
Project("{FAE04EC0-301F-11D3-BF4B-00C04F79EFBC}") = "Samurai.API", "Samurai.API\Samurai.API.csproj", "{5E56B822-324B-5E31-0117-773CB2AC2064}"
EndProject
Project("{FAE04EC0-301F-11D3-BF4B-00C04F79EFBC}") = "Samurai.DAL", "Samurai.DAL\Samurai.DAL.csproj", "{68C63C3C-ECDB-02A4-5054-2D06BCBA83C1}"
EndProject
Global
	GlobalSection(SolutionConfigurationPlatforms) = preSolution
		Debug|Any CPU = Debug|Any CPU
		Release|Any CPU = Release|Any CPU
	EndGlobalSection
	GlobalSection(ProjectConfigurationPlatforms) = postSolution
		{5E56B822-324B-5E31-0117-773CB2AC2064}.Debug|Any CPU.ActiveCfg = Debug|Any CPU
		{5E56B822-324B-5E31-0117-773CB2AC2064}.Debug|Any CPU.Build.0 = Debug|Any CPU
		{5E56B822-324B-5E31-0117-773CB2AC2064}.Release|Any CPU.ActiveCfg = Release|Any CPU
		{5E56B822-324B-5E31-0117-773CB2AC2064}.Release|Any CPU.Build.0 = Release|Any CPU
		{68C63C3C-ECDB-02A4-5054-2D06BCBA83C1}.Debug|Any CPU.ActiveCfg = Debug|Any CPU
		{68C63C3C-ECDB-02A4-5054-2D06BCBA83C1}.Debug|Any CPU.Build.0 = Debug|Any CPU
		{68C63C3C-ECDB-02A4-5054-2D06BCBA83C1}.Release|Any CPU.ActiveCfg = Release|Any CPU
		{68C63C3C-ECDB-02A4-5054-2D06BCBA83C1}.Release|Any CPU.Build.0 = Release|Any CPU
	EndGlobalSection
	GlobalSection(SolutionProperties) = preSolution
		HideSolutionNode = FALSE
	EndGlobalSection
	GlobalSection(ExtensibilityGlobals) = postSolution
		SolutionGuid = {7EB0BF6E-45BF-4FA9-8C84-387C38EEADA3}
	EndGlobalSection
EndGlobal
